// !$*UTF8*$!
{
	archiveVersion = 1;
	classes = {
	};
	objectVersion = 48;
	objects = {

/* Begin PBXBuildFile section */
		B578EE8A1FCC4AFC0097CE33 /* AppDelegate.m in Sources */ = {isa = PBXBuildFile; fileRef = B578EE891FCC4AFC0097CE33 /* AppDelegate.m */; };
		B578EE8D1FCC4AFC0097CE33 /* ViewController.m in Sources */ = {isa = PBXBuildFile; fileRef = B578EE8C1FCC4AFC0097CE33 /* ViewController.m */; };
		B578EE8F1FCC4AFC0097CE33 /* Assets.xcassets in Resources */ = {isa = PBXBuildFile; fileRef = B578EE8E1FCC4AFC0097CE33 /* Assets.xcassets */; };
		B578EE921FCC4AFC0097CE33 /* Main.storyboard in Resources */ = {isa = PBXBuildFile; fileRef = B578EE901FCC4AFC0097CE33 /* Main.storyboard */; };
		B578EE951FCC4AFC0097CE33 /* main.m in Sources */ = {isa = PBXBuildFile; fileRef = B578EE941FCC4AFC0097CE33 /* main.m */; };
		B578EEA01FCC4AFC0097CE33 /* FRRectToolTests.m in Sources */ = {isa = PBXBuildFile; fileRef = B578EE9F1FCC4AFC0097CE33 /* FRRectToolTests.m */; };
		B578EEAB1FCC4AFC0097CE33 /* FRRectToolUITests.m in Sources */ = {isa = PBXBuildFile; fileRef = B578EEAA1FCC4AFC0097CE33 /* FRRectToolUITests.m */; };
/* End PBXBuildFile section */

/* Begin PBXContainerItemProxy section */
		B578EE9C1FCC4AFC0097CE33 /* PBXContainerItemProxy */ = {
			isa = PBXContainerItemProxy;
			containerPortal = B578EE7D1FCC4AFC0097CE33 /* Project object */;
			proxyType = 1;
			remoteGlobalIDString = B578EE841FCC4AFC0097CE33;
			remoteInfo = FRRectTool;
		};
		B578EEA71FCC4AFC0097CE33 /* PBXContainerItemProxy */ = {
			isa = PBXContainerItemProxy;
			containerPortal = B578EE7D1FCC4AFC0097CE33 /* Project object */;
			proxyType = 1;
			remoteGlobalIDString = B578EE841FCC4AFC0097CE33;
			remoteInfo = FRRectTool;
		};
/* End PBXContainerItemProxy section */

/* Begin PBXFileReference section */
		B578EE851FCC4AFC0097CE33 /* FRRectTool.app */ = {isa = PBXFileReference; explicitFileType = wrapper.application; includeInIndex = 0; path = FRRectTool.app; sourceTree = BUILT_PRODUCTS_DIR; };
		B578EE881FCC4AFC0097CE33 /* AppDelegate.h */ = {isa = PBXFileReference; lastKnownFileType = sourcecode.c.h; path = AppDelegate.h; sourceTree = "<group>"; };
		B578EE891FCC4AFC0097CE33 /* AppDelegate.m */ = {isa = PBXFileReference; lastKnownFileType = sourcecode.c.objc; path = AppDelegate.m; sourceTree = "<group>"; };
		B578EE8B1FCC4AFC0097CE33 /* ViewController.h */ = {isa = PBXFileReference; lastKnownFileType = sourcecode.c.h; path = ViewController.h; sourceTree = "<group>"; };
		B578EE8C1FCC4AFC0097CE33 /* ViewController.m */ = {isa = PBXFileReference; lastKnownFileType = sourcecode.c.objc; path = ViewController.m; sourceTree = "<group>"; };
		B578EE8E1FCC4AFC0097CE33 /* Assets.xcassets */ = {isa = PBXFileReference; lastKnownFileType = folder.assetcatalog; path = Assets.xcassets; sourceTree = "<group>"; };
		B578EE911FCC4AFC0097CE33 /* Base */ = {isa = PBXFileReference; lastKnownFileType = file.storyboard; name = Base; path = Base.lproj/Main.storyboard; sourceTree = "<group>"; };
		B578EE931FCC4AFC0097CE33 /* Info.plist */ = {isa = PBXFileReference; lastKnownFileType = text.plist.xml; path = Info.plist; sourceTree = "<group>"; };
		B578EE941FCC4AFC0097CE33 /* main.m */ = {isa = PBXFileReference; lastKnownFileType = sourcecode.c.objc; path = main.m; sourceTree = "<group>"; };
		B578EE961FCC4AFC0097CE33 /* FRRectTool.entitlements */ = {isa = PBXFileReference; lastKnownFileType = text.plist.entitlements; path = FRRectTool.entitlements; sourceTree = "<group>"; };
		B578EE9B1FCC4AFC0097CE33 /* FRRectToolTests.xctest */ = {isa = PBXFileReference; explicitFileType = wrapper.cfbundle; includeInIndex = 0; path = FRRectToolTests.xctest; sourceTree = BUILT_PRODUCTS_DIR; };
		B578EE9F1FCC4AFC0097CE33 /* FRRectToolTests.m */ = {isa = PBXFileReference; lastKnownFileType = sourcecode.c.objc; path = FRRectToolTests.m; sourceTree = "<group>"; };
		B578EEA11FCC4AFC0097CE33 /* Info.plist */ = {isa = PBXFileReference; lastKnownFileType = text.plist.xml; path = Info.plist; sourceTree = "<group>"; };
		B578EEA61FCC4AFC0097CE33 /* FRRectToolUITests.xctest */ = {isa = PBXFileReference; explicitFileType = wrapper.cfbundle; includeInIndex = 0; path = FRRectToolUITests.xctest; sourceTree = BUILT_PRODUCTS_DIR; };
		B578EEAA1FCC4AFC0097CE33 /* FRRectToolUITests.m */ = {isa = PBXFileReference; lastKnownFileType = sourcecode.c.objc; path = FRRectToolUITests.m; sourceTree = "<group>"; };
		B578EEAC1FCC4AFC0097CE33 /* Info.plist */ = {isa = PBXFileReference; lastKnownFileType = text.plist.xml; path = Info.plist; sourceTree = "<group>"; };
/* End PBXFileReference section */

/* Begin PBXFrameworksBuildPhase section */
		B578EE821FCC4AFC0097CE33 /* Frameworks */ = {
			isa = PBXFrameworksBuildPhase;
			buildActionMask = 2147483647;
			files = (
			);
			runOnlyForDeploymentPostprocessing = 0;
		};
		B578EE981FCC4AFC0097CE33 /* Frameworks */ = {
			isa = PBXFrameworksBuildPhase;
			buildActionMask = 2147483647;
			files = (
			);
			runOnlyForDeploymentPostprocessing = 0;
		};
		B578EEA31FCC4AFC0097CE33 /* Frameworks */ = {
			isa = PBXFrameworksBuildPhase;
			buildActionMask = 2147483647;
			files = (
			);
			runOnlyForDeploymentPostprocessing = 0;
		};
/* End PBXFrameworksBuildPhase section */

/* Begin PBXGroup section */
		B578EE7C1FCC4AFC0097CE33 = {
			isa = PBXGroup;
			children = (
				B578EE871FCC4AFC0097CE33 /* FRRectTool */,
				B578EE9E1FCC4AFC0097CE33 /* FRRectToolTests */,
				B578EEA91FCC4AFC0097CE33 /* FRRectToolUITests */,
				B578EE861FCC4AFC0097CE33 /* Products */,
			);
			sourceTree = "<group>";
		};
		B578EE861FCC4AFC0097CE33 /* Products */ = {
			isa = PBXGroup;
			children = (
				B578EE851FCC4AFC0097CE33 /* FRRectTool.app */,
				B578EE9B1FCC4AFC0097CE33 /* FRRectToolTests.xctest */,
				B578EEA61FCC4AFC0097CE33 /* FRRectToolUITests.xctest */,
			);
			name = Products;
			sourceTree = "<group>";
		};
		B578EE871FCC4AFC0097CE33 /* FRRectTool */ = {
			isa = PBXGroup;
			children = (
				B578EE881FCC4AFC0097CE33 /* AppDelegate.h */,
				B578EE891FCC4AFC0097CE33 /* AppDelegate.m */,
				B578EE8B1FCC4AFC0097CE33 /* ViewController.h */,
				B578EE8C1FCC4AFC0097CE33 /* ViewController.m */,
				B578EE8E1FCC4AFC0097CE33 /* Assets.xcassets */,
				B578EE901FCC4AFC0097CE33 /* Main.storyboard */,
				B578EE931FCC4AFC0097CE33 /* Info.plist */,
				B578EE941FCC4AFC0097CE33 /* main.m */,
				B578EE961FCC4AFC0097CE33 /* FRRectTool.entitlements */,
			);
			path = FRRectTool;
			sourceTree = "<group>";
		};
		B578EE9E1FCC4AFC0097CE33 /* FRRectToolTests */ = {
			isa = PBXGroup;
			children = (
				B578EE9F1FCC4AFC0097CE33 /* FRRectToolTests.m */,
				B578EEA11FCC4AFC0097CE33 /* Info.plist */,
			);
			path = FRRectToolTests;
			sourceTree = "<group>";
		};
		B578EEA91FCC4AFC0097CE33 /* FRRectToolUITests */ = {
			isa = PBXGroup;
			children = (
				B578EEAA1FCC4AFC0097CE33 /* FRRectToolUITests.m */,
				B578EEAC1FCC4AFC0097CE33 /* Info.plist */,
			);
			path = FRRectToolUITests;
			sourceTree = "<group>";
		};
/* End PBXGroup section */

/* Begin PBXNativeTarget section */
		B578EE841FCC4AFC0097CE33 /* FRRectTool */ = {
			isa = PBXNativeTarget;
			buildConfigurationList = B578EEAF1FCC4AFC0097CE33 /* Build configuration list for PBXNativeTarget "FRRectTool" */;
			buildPhases = (
				B578EE811FCC4AFC0097CE33 /* Sources */,
				B578EE821FCC4AFC0097CE33 /* Frameworks */,
				B578EE831FCC4AFC0097CE33 /* Resources */,
			);
			buildRules = (
			);
			dependencies = (
			);
			name = FRRectTool;
			productName = FRRectTool;
			productReference = B578EE851FCC4AFC0097CE33 /* FRRectTool.app */;
			productType = "com.apple.product-type.application";
		};
		B578EE9A1FCC4AFC0097CE33 /* FRRectToolTests */ = {
			isa = PBXNativeTarget;
			buildConfigurationList = B578EEB21FCC4AFC0097CE33 /* Build configuration list for PBXNativeTarget "FRRectToolTests" */;
			buildPhases = (
				B578EE971FCC4AFC0097CE33 /* Sources */,
				B578EE981FCC4AFC0097CE33 /* Frameworks */,
				B578EE991FCC4AFC0097CE33 /* Resources */,
			);
			buildRules = (
			);
			dependencies = (
				B578EE9D1FCC4AFC0097CE33 /* PBXTargetDependency */,
			);
			name = FRRectToolTests;
			productName = FRRectToolTests;
			productReference = B578EE9B1FCC4AFC0097CE33 /* FRRectToolTests.xctest */;
			productType = "com.apple.product-type.bundle.unit-test";
		};
		B578EEA51FCC4AFC0097CE33 /* FRRectToolUITests */ = {
			isa = PBXNativeTarget;
			buildConfigurationList = B578EEB51FCC4AFC0097CE33 /* Build configuration list for PBXNativeTarget "FRRectToolUITests" */;
			buildPhases = (
				B578EEA21FCC4AFC0097CE33 /* Sources */,
				B578EEA31FCC4AFC0097CE33 /* Frameworks */,
				B578EEA41FCC4AFC0097CE33 /* Resources */,
			);
			buildRules = (
			);
			dependencies = (
				B578EEA81FCC4AFC0097CE33 /* PBXTargetDependency */,
			);
			name = FRRectToolUITests;
			productName = FRRectToolUITests;
			productReference = B578EEA61FCC4AFC0097CE33 /* FRRectToolUITests.xctest */;
			productType = "com.apple.product-type.bundle.ui-testing";
		};
/* End PBXNativeTarget section */

/* Begin PBXProject section */
		B578EE7D1FCC4AFC0097CE33 /* Project object */ = {
			isa = PBXProject;
			attributes = {
				LastUpgradeCheck = 0910;
				ORGANIZATIONNAME = "Fan's iMac ";
				TargetAttributes = {
					B578EE841FCC4AFC0097CE33 = {
						CreatedOnToolsVersion = 9.1;
						ProvisioningStyle = Automatic;
					};
					B578EE9A1FCC4AFC0097CE33 = {
						CreatedOnToolsVersion = 9.1;
						ProvisioningStyle = Automatic;
						TestTargetID = B578EE841FCC4AFC0097CE33;
					};
					B578EEA51FCC4AFC0097CE33 = {
						CreatedOnToolsVersion = 9.1;
						ProvisioningStyle = Automatic;
						TestTargetID = B578EE841FCC4AFC0097CE33;
					};
				};
			};
			buildConfigurationList = B578EE801FCC4AFC0097CE33 /* Build configuration list for PBXProject "FRRectTool" */;
			compatibilityVersion = "Xcode 8.0";
			developmentRegion = en;
			hasScannedForEncodings = 0;
			knownRegions = (
				en,
				Base,
			);
			mainGroup = B578EE7C1FCC4AFC0097CE33;
			productRefGroup = B578EE861FCC4AFC0097CE33 /* Products */;
			projectDirPath = "";
			projectRoot = "";
			targets = (
				B578EE841FCC4AFC0097CE33 /* FRRectTool */,
				B578EE9A1FCC4AFC0097CE33 /* FRRectToolTests */,
				B578EEA51FCC4AFC0097CE33 /* FRRectToolUITests */,
			);
		};
/* End PBXProject section */

/* Begin PBXResourcesBuildPhase section */
		B578EE831FCC4AFC0097CE33 /* Resources */ = {
			isa = PBXResourcesBuildPhase;
			buildActionMask = 2147483647;
			files = (
				B578EE8F1FCC4AFC0097CE33 /* Assets.xcassets in Resources */,
				B578EE921FCC4AFC0097CE33 /* Main.storyboard in Resources */,
			);
			runOnlyForDeploymentPostprocessing = 0;
		};
		B578EE991FCC4AFC0097CE33 /* Resources */ = {
			isa = PBXResourcesBuildPhase;
			buildActionMask = 2147483647;
			files = (
			);
			runOnlyForDeploymentPostprocessing = 0;
		};
		B578EEA41FCC4AFC0097CE33 /* Resources */ = {
			isa = PBXResourcesBuildPhase;
			buildActionMask = 2147483647;
			files = (
			);
			runOnlyForDeploymentPostprocessing = 0;
		};
/* End PBXResourcesBuildPhase section */

/* Begin PBXSourcesBuildPhase section */
		B578EE811FCC4AFC0097CE33 /* Sources */ = {
			isa = PBXSourcesBuildPhase;
			buildActionMask = 2147483647;
			files = (
				B578EE8D1FCC4AFC0097CE33 /* ViewController.m in Sources */,
				B578EE951FCC4AFC0097CE33 /* main.m in Sources */,
				B578EE8A1FCC4AFC0097CE33 /* AppDelegate.m in Sources */,
			);
			runOnlyForDeploymentPostprocessing = 0;
		};
		B578EE971FCC4AFC0097CE33 /* Sources */ = {
			isa = PBXSourcesBuildPhase;
			buildActionMask = 2147483647;
			files = (
				B578EEA01FCC4AFC0097CE33 /* FRRectToolTests.m in Sources */,
			);
			runOnlyForDeploymentPostprocessing = 0;
		};
		B578EEA21FCC4AFC0097CE33 /* Sources */ = {
			isa = PBXSourcesBuildPhase;
			buildActionMask = 2147483647;
			files = (
				B578EEAB1FCC4AFC0097CE33 /* FRRectToolUITests.m in Sources */,
			);
			runOnlyForDeploymentPostprocessing = 0;
		};
/* End PBXSourcesBuildPhase section */

/* Begin PBXTargetDependency section */
		B578EE9D1FCC4AFC0097CE33 /* PBXTargetDependency */ = {
			isa = PBXTargetDependency;
			target = B578EE841FCC4AFC0097CE33 /* FRRectTool */;
			targetProxy = B578EE9C1FCC4AFC0097CE33 /* PBXContainerItemProxy */;
		};
		B578EEA81FCC4AFC0097CE33 /* PBXTargetDependency */ = {
			isa = PBXTargetDependency;
			target = B578EE841FCC4AFC0097CE33 /* FRRectTool */;
			targetProxy = B578EEA71FCC4AFC0097CE33 /* PBXContainerItemProxy */;
		};
/* End PBXTargetDependency section */

/* Begin PBXVariantGroup section */
		B578EE901FCC4AFC0097CE33 /* Main.storyboard */ = {
			isa = PBXVariantGroup;
			children = (
				B578EE911FCC4AFC0097CE33 /* Base */,
			);
			name = Main.storyboard;
			sourceTree = "<group>";
		};
/* End PBXVariantGroup section */

/* Begin XCBuildConfiguration section */
		B578EEAD1FCC4AFC0097CE33 /* Debug */ = {
			isa = XCBuildConfiguration;
			buildSettings = {
				ALWAYS_SEARCH_USER_PATHS = NO;
				CLANG_ANALYZER_NONNULL = YES;
				CLANG_ANALYZER_NUMBER_OBJECT_CONVERSION = YES_AGGRESSIVE;
				CLANG_CXX_LANGUAGE_STANDARD = "gnu++14";
				CLANG_CXX_LIBRARY = "libc++";
				CLANG_ENABLE_MODULES = YES;
				CLANG_ENABLE_OBJC_ARC = YES;
				CLANG_WARN_BLOCK_CAPTURE_AUTORELEASING = YES;
				CLANG_WARN_BOOL_CONVERSION = YES;
				CLANG_WARN_COMMA = YES;
				CLANG_WARN_CONSTANT_CONVERSION = YES;
				CLANG_WARN_DIRECT_OBJC_ISA_USAGE = YES_ERROR;
				CLANG_WARN_DOCUMENTATION_COMMENTS = YES;
				CLANG_WARN_EMPTY_BODY = YES;
				CLANG_WARN_ENUM_CONVERSION = YES;
				CLANG_WARN_INFINITE_RECURSION = YES;
				CLANG_WARN_INT_CONVERSION = YES;
				CLANG_WARN_NON_LITERAL_NULL_CONVERSION = YES;
				CLANG_WARN_OBJC_LITERAL_CONVERSION = YES;
				CLANG_WARN_OBJC_ROOT_CLASS = YES_ERROR;
				CLANG_WARN_RANGE_LOOP_ANALYSIS = YES;
				CLANG_WARN_STRICT_PROTOTYPES = YES;
				CLANG_WARN_SUSPICIOUS_MOVE = YES;
				CLANG_WARN_UNGUARDED_AVAILABILITY = YES_AGGRESSIVE;
				CLANG_WARN_UNREACHABLE_CODE = YES;
				CLANG_WARN__DUPLICATE_METHOD_MATCH = YES;
				CODE_SIGN_IDENTITY = "Mac Developer";
				COPY_PHASE_STRIP = NO;
				DEBUG_INFORMATION_FORMAT = dwarf;
				ENABLE_STRICT_OBJC_MSGSEND = YES;
				ENABLE_TESTABILITY = YES;
				GCC_C_LANGUAGE_STANDARD = gnu11;
				GCC_DYNAMIC_NO_PIC = NO;
				GCC_NO_COMMON_BLOCKS = YES;
				GCC_OPTIMIZATION_LEVEL = 0;
				GCC_PREPROCESSOR_DEFINITIONS = (
					"DEBUG=1",
					"$(inherited)",
				);
				GCC_WARN_64_TO_32_BIT_CONVERSION = YES;
				GCC_WARN_ABOUT_RETURN_TYPE = YES_ERROR;
				GCC_WARN_UNDECLARED_SELECTOR = YES;
				GCC_WARN_UNINITIALIZED_AUTOS = YES_AGGRESSIVE;
				GCC_WARN_UNUSED_FUNCTION = YES;
				GCC_WARN_UNUSED_VARIABLE = YES;
				MACOSX_DEPLOYMENT_TARGET = 10.13;
				MTL_ENABLE_DEBUG_INFO = YES;
				ONLY_ACTIVE_ARCH = YES;
				SDKROOT = macosx;
			};
			name = Debug;
		};
		B578EEAE1FCC4AFC0097CE33 /* Release */ = {
			isa = XCBuildConfiguration;
			buildSettings = {
				ALWAYS_SEARCH_USER_PATHS = NO;
				CLANG_ANALYZER_NONNULL = YES;
				CLANG_ANALYZER_NUMBER_OBJECT_CONVERSION = YES_AGGRESSIVE;
				CLANG_CXX_LANGUAGE_STANDARD = "gnu++14";
				CLANG_CXX_LIBRARY = "libc++";
				CLANG_ENABLE_MODULES = YES;
				CLANG_ENABLE_OBJC_ARC = YES;
				CLANG_WARN_BLOCK_CAPTURE_AUTORELEASING = YES;
				CLANG_WARN_BOOL_CONVERSION = YES;
				CLANG_WARN_COMMA = YES;
				CLANG_WARN_CONSTANT_CONVERSION = YES;
				CLANG_WARN_DIRECT_OBJC_ISA_USAGE = YES_ERROR;
				CLANG_WARN_DOCUMENTATION_COMMENTS = YES;
				CLANG_WARN_EMPTY_BODY = YES;
				CLANG_WARN_ENUM_CONVERSION = YES;
				CLANG_WARN_INFINITE_RECURSION = YES;
				CLANG_WARN_INT_CONVERSION = YES;
				CLANG_WARN_NON_LITERAL_NULL_CONVERSION = YES;
				CLANG_WARN_OBJC_LITERAL_CONVERSION = YES;
				CLANG_WARN_OBJC_ROOT_CLASS = YES_ERROR;
				CLANG_WARN_RANGE_LOOP_ANALYSIS = YES;
				CLANG_WARN_STRICT_PROTOTYPES = YES;
				CLANG_WARN_SUSPICIOUS_MOVE = YES;
				CLANG_WARN_UNGUARDED_AVAILABILITY = YES_AGGRESSIVE;
				CLANG_WARN_UNREACHABLE_CODE = YES;
				CLANG_WARN__DUPLICATE_METHOD_MATCH = YES;
				CODE_SIGN_IDENTITY = "Mac Developer";
				COPY_PHASE_STRIP = NO;
				DEBUG_INFORMATION_FORMAT = "dwarf-with-dsym";
				ENABLE_NS_ASSERTIONS = NO;
				ENABLE_STRICT_OBJC_MSGSEND = YES;
				GCC_C_LANGUAGE_STANDARD = gnu11;
				GCC_NO_COMMON_BLOCKS = YES;
				GCC_WARN_64_TO_32_BIT_CONVERSION = YES;
				GCC_WARN_ABOUT_RETURN_TYPE = YES_ERROR;
				GCC_WARN_UNDECLARED_SELECTOR = YES;
				GCC_WARN_UNINITIALIZED_AUTOS = YES_AGGRESSIVE;
				GCC_WARN_UNUSED_FUNCTION = YES;
				GCC_WARN_UNUSED_VARIABLE = YES;
				MACOSX_DEPLOYMENT_TARGET = 10.13;
				MTL_ENABLE_DEBUG_INFO = NO;
				SDKROOT = macosx;
			};
			name = Release;
		};
		B578EEB01FCC4AFC0097CE33 /* Debug */ = {
			isa = XCBuildConfiguration;
			buildSettings = {
				ASSETCATALOG_COMPILER_APPICON_NAME = AppIcon;
				CODE_SIGN_ENTITLEMENTS = FRRectTool/FRRectTool.entitlements;
				CODE_SIGN_STYLE = Automatic;
				COMBINE_HIDPI_IMAGES = YES;
				DEVELOPMENT_TEAM = DZQ5YNVEU2;
				INFOPLIST_FILE = FRRectTool/Info.plist;
				LD_RUNPATH_SEARCH_PATHS = "$(inherited) @executable_path/../Frameworks";
				PRODUCT_BUNDLE_IDENTIFIER = Smartisan.FRRectTool;
				PRODUCT_NAME = "$(TARGET_NAME)";
			};
			name = Debug;
		};
		B578EEB11FCC4AFC0097CE33 /* Release */ = {
			isa = XCBuildConfiguration;
			buildSettings = {
				ASSETCATALOG_COMPILER_APPICON_NAME = AppIcon;
				CODE_SIGN_ENTITLEMENTS = FRRectTool/FRRectTool.entitlements;
				CODE_SIGN_STYLE = Automatic;
				COMBINE_HIDPI_IMAGES = YES;
				DEVELOPMENT_TEAM = DZQ5YNVEU2;
				INFOPLIST_FILE = FRRectTool/Info.plist;
				LD_RUNPATH_SEARCH_PATHS = "$(inherited) @executable_path/../Frameworks";
				PRODUCT_BUNDLE_IDENTIFIER = Smartisan.FRRectTool;
				PRODUCT_NAME = "$(TARGET_NAME)";
			};
			name = Release;
		};
		B578EEB31FCC4AFC0097CE33 /* Debug */ = {
			isa = XCBuildConfiguration;
			buildSettings = {
				BUNDLE_LOADER = "$(TEST_HOST)";
				CODE_SIGN_STYLE = Automatic;
				COMBINE_HIDPI_IMAGES = YES;
				DEVELOPMENT_TEAM = DZQ5YNVEU2;
				INFOPLIST_FILE = FRRectToolTests/Info.plist;
				LD_RUNPATH_SEARCH_PATHS = "$(inherited) @executable_path/../Frameworks @loader_path/../Frameworks";
				PRODUCT_BUNDLE_IDENTIFIER = Smartisan.FRRectToolTests;
				PRODUCT_NAME = "$(TARGET_NAME)";
				TEST_HOST = "$(BUILT_PRODUCTS_DIR)/FRRectTool.app/Contents/MacOS/FRRectTool";
			};
			name = Debug;
		};
		B578EEB41FCC4AFC0097CE33 /* Release */ = {
			isa = XCBuildConfiguration;
			buildSettings = {
				BUNDLE_LOADER = "$(TEST_HOST)";
				CODE_SIGN_STYLE = Automatic;
				COMBINE_HIDPI_IMAGES = YES;
				DEVELOPMENT_TEAM = DZQ5YNVEU2;
				INFOPLIST_FILE = FRRectToolTests/Info.plist;
				LD_RUNPATH_SEARCH_PATHS = "$(inherited) @executable_path/../Frameworks @loader_path/../Frameworks";
				PRODUCT_BUNDLE_IDENTIFIER = Smartisan.FRRectToolTests;
				PRODUCT_NAME = "$(TARGET_NAME)";
				TEST_HOST = "$(BUILT_PRODUCTS_DIR)/FRRectTool.app/Contents/MacOS/FRRectTool";
			};
			name = Release;
		};
		B578EEB61FCC4AFC0097CE33 /* Debug */ = {
			isa = XCBuildConfiguration;
			buildSettings = {
				CODE_SIGN_STYLE = Automatic;
				COMBINE_HIDPI_IMAGES = YES;
				DEVELOPMENT_TEAM = DZQ5YNVEU2;
				INFOPLIST_FILE = FRRectToolUITests/Info.plist;
				LD_RUNPATH_SEARCH_PATHS = "$(inherited) @executable_path/../Frameworks @loader_path/../Frameworks";
				PRODUCT_BUNDLE_IDENTIFIER = Smartisan.FRRectToolUITests;
				PRODUCT_NAME = "$(TARGET_NAME)";
				TEST_TARGET_NAME = FRRectTool;
			};
			name = Debug;
		};
		B578EEB71FCC4AFC0097CE33 /* Release */ = {
			isa = XCBuildConfiguration;
			buildSettings = {
				CODE_SIGN_STYLE = Automatic;
				COMBINE_HIDPI_IMAGES = YES;
				DEVELOPMENT_TEAM = DZQ5YNVEU2;
				INFOPLIST_FILE = FRRectToolUITests/Info.plist;
				LD_RUNPATH_SEARCH_PATHS = "$(inherited) @executable_path/../Frameworks @loader_path/../Frameworks";
				PRODUCT_BUNDLE_IDENTIFIER = Smartisan.FRRectToolUITests;
				PRODUCT_NAME = "$(TARGET_NAME)";
				TEST_TARGET_NAME = FRRectTool;
			};
			name = Release;
		};
/* End XCBuildConfiguration section */

/* Begin XCConfigurationList section */
		B578EE801FCC4AFC0097CE33 /* Build configuration list for PBXProject "FRRectTool" */ = {
			isa = XCConfigurationList;
			buildConfigurations = (
				B578EEAD1FCC4AFC0097CE33 /* Debug */,
				B578EEAE1FCC4AFC0097CE33 /* Release */,
			);
			defaultConfigurationIsVisible = 0;
			defaultConfigurationName = Release;
		};
		B578EEAF1FCC4AFC0097CE33 /* Build configuration list for PBXNativeTarget "FRRectTool" */ = {
			isa = XCConfigurationList;
			buildConfigurations = (
				B578EEB01FCC4AFC0097CE33 /* Debug */,
				B578EEB11FCC4AFC0097CE33 /* Release */,
			);
			defaultConfigurationIsVisible = 0;
			defaultConfigurationName = Release;
		};
		B578EEB21FCC4AFC0097CE33 /* Build configuration list for PBXNativeTarget "FRRectToolTests" */ = {
			isa = XCConfigurationList;
			buildConfigurations = (
				B578EEB31FCC4AFC0097CE33 /* Debug */,
				B578EEB41FCC4AFC0097CE33 /* Release */,
			);
			defaultConfigurationIsVisible = 0;
			defaultConfigurationName = Release;
		};
		B578EEB51FCC4AFC0097CE33 /* Build configuration list for PBXNativeTarget "FRRectToolUITests" */ = {
			isa = XCConfigurationList;
			buildConfigurations = (
				B578EEB61FCC4AFC0097CE33 /* Debug */,
				B578EEB71FCC4AFC0097CE33 /* Release */,
			);
			defaultConfigurationIsVisible = 0;
			defaultConfigurationName = Release;
		};
/* End XCConfigurationList section */
	};
	rootObject = B578EE7D1FCC4AFC0097CE33 /* Project object */;
}
