// !$*UTF8*$!
{
	archiveVersion = 1;
	classes = {
	};
	objectVersion = 48;
	objects = {

/* Begin PBXBuildFile section */
		B578EE8A1FCC4AFC0097CE33 /* AppDelegate.m in Sources */ = {isa = PBXBuildFile; fileRef = B578EE891FCC4AFC0097CE33 /* AppDelegate.m */; };
		B578EE8D1FCC4AFC0097CE33 /* ViewController.m in Sources */ = {isa = PBXBuildFile; fileRef = B578EE8C1FCC4AFC0097CE33 /* ViewController.m */; };
		B578EE8F1FCC4AFC0097CE33 /* Assets.xcassets in Resources */ = {isa = PBXBuildFile; fileRef = B578EE8E1FCC4AFC0097CE33 /* Assets.xcassets */; };
		B578EE921FCC4AFC0097CE33 /* Main.storyboard in Resources */ = {isa = PBXBuildFile; fileRef = B578EE901FCC4AFC0097CE33 /* Main.storyboard */; };
		B578EE951FCC4AFC0097CE33 /* main.m in Sources */ = {isa = PBXBuildFile; fileRef = B578EE941FCC4AFC0097CE33 /* main.m */; };
		B578EEBA1FCC4B420097CE33 /* FRLeftView.m in Sources */ = {isa = PBXBuildFile; fileRef = B578EEB91FCC4B420097CE33 /* FRLeftView.m */; };
		B578EEBD1FCC4B490097CE33 /* FRRightView.m in Sources */ = {isa = PBXBuildFile; fileRef = B578EEBC1FCC4B490097CE33 /* FRRightView.m */; };
		B578EEC11FCC4EAB0097CE33 /* NSView+Extension.m in Sources */ = {isa = PBXBuildFile; fileRef = B578EEC01FCC4EAB0097CE33 /* NSView+Extension.m */; };
/* End PBXBuildFile section */

/* Begin PBXFileReference section */
		B578EE851FCC4AFC0097CE33 /* FRRectTool.app */ = {isa = PBXFileReference; explicitFileType = wrapper.application; includeInIndex = 0; path = FRRectTool.app; sourceTree = BUILT_PRODUCTS_DIR; };
		B578EE881FCC4AFC0097CE33 /* AppDelegate.h */ = {isa = PBXFileReference; lastKnownFileType = sourcecode.c.h; path = AppDelegate.h; sourceTree = "<group>"; };
		B578EE891FCC4AFC0097CE33 /* AppDelegate.m */ = {isa = PBXFileReference; lastKnownFileType = sourcecode.c.objc; path = AppDelegate.m; sourceTree = "<group>"; };
		B578EE8B1FCC4AFC0097CE33 /* ViewController.h */ = {isa = PBXFileReference; lastKnownFileType = sourcecode.c.h; path = ViewController.h; sourceTree = "<group>"; };
		B578EE8C1FCC4AFC0097CE33 /* ViewController.m */ = {isa = PBXFileReference; lastKnownFileType = sourcecode.c.objc; path = ViewController.m; sourceTree = "<group>"; };
		B578EE8E1FCC4AFC0097CE33 /* Assets.xcassets */ = {isa = PBXFileReference; lastKnownFileType = folder.assetcatalog; path = Assets.xcassets; sourceTree = "<group>"; };
		B578EE911FCC4AFC0097CE33 /* Base */ = {isa = PBXFileReference; lastKnownFileType = file.storyboard; name = Base; path = Base.lproj/Main.storyboard; sourceTree = "<group>"; };
		B578EE931FCC4AFC0097CE33 /* Info.plist */ = {isa = PBXFileReference; lastKnownFileType = text.plist.xml; path = Info.plist; sourceTree = "<group>"; };
		B578EE941FCC4AFC0097CE33 /* main.m */ = {isa = PBXFileReference; lastKnownFileType = sourcecode.c.objc; path = main.m; sourceTree = "<group>"; };
		B578EE961FCC4AFC0097CE33 /* FRRectTool.entitlements */ = {isa = PBXFileReference; lastKnownFileType = text.plist.entitlements; path = FRRectTool.entitlements; sourceTree = "<group>"; };
		B578EEB81FCC4B420097CE33 /* FRLeftView.h */ = {isa = PBXFileReference; lastKnownFileType = sourcecode.c.h; path = FRLeftView.h; sourceTree = "<group>"; };
		B578EEB91FCC4B420097CE33 /* FRLeftView.m */ = {isa = PBXFileReference; lastKnownFileType = sourcecode.c.objc; path = FRLeftView.m; sourceTree = "<group>"; };
		B578EEBB1FCC4B490097CE33 /* FRRightView.h */ = {isa = PBXFileReference; lastKnownFileType = sourcecode.c.h; path = FRRightView.h; sourceTree = "<group>"; };
		B578EEBC1FCC4B490097CE33 /* FRRightView.m */ = {isa = PBXFileReference; lastKnownFileType = sourcecode.c.objc; path = FRRightView.m; sourceTree = "<group>"; };
		B578EEBF1FCC4EAB0097CE33 /* NSView+Extension.h */ = {isa = PBXFileReference; lastKnownFileType = sourcecode.c.h; path = "NSView+Extension.h"; sourceTree = "<group>"; };
		B578EEC01FCC4EAB0097CE33 /* NSView+Extension.m */ = {isa = PBXFileReference; lastKnownFileType = sourcecode.c.objc; path = "NSView+Extension.m"; sourceTree = "<group>"; };
/* End PBXFileReference section */

/* Begin PBXFrameworksBuildPhase section */
		B578EE821FCC4AFC0097CE33 /* Frameworks */ = {
			isa = PBXFrameworksBuildPhase;
			buildActionMask = 2147483647;
			files = (
			);
			runOnlyForDeploymentPostprocessing = 0;
		};
/* End PBXFrameworksBuildPhase section */

/* Begin PBXGroup section */
		B578EE7C1FCC4AFC0097CE33 = {
			isa = PBXGroup;
			children = (
				B578EE871FCC4AFC0097CE33 /* FRRectTool */,
				B578EE861FCC4AFC0097CE33 /* Products */,
			);
			sourceTree = "<group>";
		};
		B578EE861FCC4AFC0097CE33 /* Products */ = {
			isa = PBXGroup;
			children = (
				B578EE851FCC4AFC0097CE33 /* FRRectTool.app */,
			);
			name = Products;
			sourceTree = "<group>";
		};
		B578EE871FCC4AFC0097CE33 /* FRRectTool */ = {
			isa = PBXGroup;
			children = (
				B578EEBE1FCC4E840097CE33 /* Utils */,
				B578EE881FCC4AFC0097CE33 /* AppDelegate.h */,
				B578EE891FCC4AFC0097CE33 /* AppDelegate.m */,
				B578EE8B1FCC4AFC0097CE33 /* ViewController.h */,
				B578EE8C1FCC4AFC0097CE33 /* ViewController.m */,
				B578EEB81FCC4B420097CE33 /* FRLeftView.h */,
				B578EEB91FCC4B420097CE33 /* FRLeftView.m */,
				B578EEBB1FCC4B490097CE33 /* FRRightView.h */,
				B578EEBC1FCC4B490097CE33 /* FRRightView.m */,
				B578EE8E1FCC4AFC0097CE33 /* Assets.xcassets */,
				B578EE901FCC4AFC0097CE33 /* Main.storyboard */,
				B578EE931FCC4AFC0097CE33 /* Info.plist */,
				B578EE941FCC4AFC0097CE33 /* main.m */,
				B578EE961FCC4AFC0097CE33 /* FRRectTool.entitlements */,
			);
			path = FRRectTool;
			sourceTree = "<group>";
		};
		B578EEBE1FCC4E840097CE33 /* Utils */ = {
			isa = PBXGroup;
			children = (
				B578EEBF1FCC4EAB0097CE33 /* NSView+Extension.h */,
				B578EEC01FCC4EAB0097CE33 /* NSView+Extension.m */,
			);
			path = Utils;
			sourceTree = "<group>";
		};
/* End PBXGroup section */

/* Begin PBXNativeTarget section */
		B578EE841FCC4AFC0097CE33 /* FRRectTool */ = {
			isa = PBXNativeTarget;
			buildConfigurationList = B578EEAF1FCC4AFC0097CE33 /* Build configuration list for PBXNativeTarget "FRRectTool" */;
			buildPhases = (
				B578EE811FCC4AFC0097CE33 /* Sources */,
				B578EE821FCC4AFC0097CE33 /* Frameworks */,
				B578EE831FCC4AFC0097CE33 /* Resources */,
			);
			buildRules = (
			);
			dependencies = (
			);
			name = FRRectTool;
			productName = FRRectTool;
			productReference = B578EE851FCC4AFC0097CE33 /* FRRectTool.app */;
			productType = "com.apple.product-type.application";
		};
/* End PBXNativeTarget section */

/* Begin PBXProject section */
		B578EE7D1FCC4AFC0097CE33 /* Project object */ = {
			isa = PBXProject;
			attributes = {
				LastUpgradeCheck = 0910;
				ORGANIZATIONNAME = "Fan's iMac ";
				TargetAttributes = {
					B578EE841FCC4AFC0097CE33 = {
						CreatedOnToolsVersion = 9.1;
						ProvisioningStyle = Automatic;
					};
				};
			};
			buildConfigurationList = B578EE801FCC4AFC0097CE33 /* Build configuration list for PBXProject "FRRectTool" */;
			compatibilityVersion = "Xcode 8.0";
			developmentRegion = en;
			hasScannedForEncodings = 0;
			knownRegions = (
				en,
				Base,
			);
			mainGroup = B578EE7C1FCC4AFC0097CE33;
			productRefGroup = B578EE861FCC4AFC0097CE33 /* Products */;
			projectDirPath = "";
			projectRoot = "";
			targets = (
				B578EE841FCC4AFC0097CE33 /* FRRectTool */,
			);
		};
/* End PBXProject section */

/* Begin PBXResourcesBuildPhase section */
		B578EE831FCC4AFC0097CE33 /* Resources */ = {
			isa = PBXResourcesBuildPhase;
			buildActionMask = 2147483647;
			files = (
				B578EE8F1FCC4AFC0097CE33 /* Assets.xcassets in Resources */,
				B578EE921FCC4AFC0097CE33 /* Main.storyboard in Resources */,
			);
			runOnlyForDeploymentPostprocessing = 0;
		};
/* End PBXResourcesBuildPhase section */

/* Begin PBXSourcesBuildPhase section */
		B578EE811FCC4AFC0097CE33 /* Sources */ = {
			isa = PBXSourcesBuildPhase;
			buildActionMask = 2147483647;
			files = (
				B578EE8D1FCC4AFC0097CE33 /* ViewController.m in Sources */,
				B578EEC11FCC4EAB0097CE33 /* NSView+Extension.m in Sources */,
				B578EEBA1FCC4B420097CE33 /* FRLeftView.m in Sources */,
				B578EE951FCC4AFC0097CE33 /* main.m in Sources */,
				B578EEBD1FCC4B490097CE33 /* FRRightView.m in Sources */,
				B578EE8A1FCC4AFC0097CE33 /* AppDelegate.m in Sources */,
			);
			runOnlyForDeploymentPostprocessing = 0;
		};
/* End PBXSourcesBuildPhase section */

/* Begin PBXVariantGroup section */
		B578EE901FCC4AFC0097CE33 /* Main.storyboard */ = {
			isa = PBXVariantGroup;
			children = (
				B578EE911FCC4AFC0097CE33 /* Base */,
			);
			name = Main.storyboard;
			sourceTree = "<group>";
		};
/* End PBXVariantGroup section */

/* Begin XCBuildConfiguration section */
		B578EEAD1FCC4AFC0097CE33 /* Debug */ = {
			isa = XCBuildConfiguration;
			buildSettings = {
				ALWAYS_SEARCH_USER_PATHS = NO;
				CLANG_ANALYZER_NONNULL = YES;
				CLANG_ANALYZER_NUMBER_OBJECT_CONVERSION = YES_AGGRESSIVE;
				CLANG_CXX_LANGUAGE_STANDARD = "gnu++14";
				CLANG_CXX_LIBRARY = "libc++";
				CLANG_ENABLE_MODULES = YES;
				CLANG_ENABLE_OBJC_ARC = YES;
				CLANG_WARN_BLOCK_CAPTURE_AUTORELEASING = YES;
				CLANG_WARN_BOOL_CONVERSION = YES;
				CLANG_WARN_COMMA = YES;
				CLANG_WARN_CONSTANT_CONVERSION = YES;
				CLANG_WARN_DIRECT_OBJC_ISA_USAGE = YES_ERROR;
				CLANG_WARN_DOCUMENTATION_COMMENTS = YES;
				CLANG_WARN_EMPTY_BODY = YES;
				CLANG_WARN_ENUM_CONVERSION = YES;
				CLANG_WARN_INFINITE_RECURSION = YES;
				CLANG_WARN_INT_CONVERSION = YES;
				CLANG_WARN_NON_LITERAL_NULL_CONVERSION = YES;
				CLANG_WARN_OBJC_LITERAL_CONVERSION = YES;
				CLANG_WARN_OBJC_ROOT_CLASS = YES_ERROR;
				CLANG_WARN_RANGE_LOOP_ANALYSIS = YES;
				CLANG_WARN_STRICT_PROTOTYPES = YES;
				CLANG_WARN_SUSPICIOUS_MOVE = YES;
				CLANG_WARN_UNGUARDED_AVAILABILITY = YES_AGGRESSIVE;
				CLANG_WARN_UNREACHABLE_CODE = YES;
				CLANG_WARN__DUPLICATE_METHOD_MATCH = YES;
				CODE_SIGN_IDENTITY = "Mac Developer";
				COPY_PHASE_STRIP = NO;
				DEBUG_INFORMATION_FORMAT = dwarf;
				ENABLE_STRICT_OBJC_MSGSEND = YES;
				ENABLE_TESTABILITY = YES;
				GCC_C_LANGUAGE_STANDARD = gnu11;
				GCC_DYNAMIC_NO_PIC = NO;
				GCC_NO_COMMON_BLOCKS = YES;
				GCC_OPTIMIZATION_LEVEL = 0;
				GCC_PREPROCESSOR_DEFINITIONS = (
					"DEBUG=1",
					"$(inherited)",
				);
				GCC_WARN_64_TO_32_BIT_CONVERSION = YES;
				GCC_WARN_ABOUT_RETURN_TYPE = YES_ERROR;
				GCC_WARN_UNDECLARED_SELECTOR = YES;
				GCC_WARN_UNINITIALIZED_AUTOS = YES_AGGRESSIVE;
				GCC_WARN_UNUSED_FUNCTION = YES;
				GCC_WARN_UNUSED_VARIABLE = YES;
				MACOSX_DEPLOYMENT_TARGET = 10.13;
				MTL_ENABLE_DEBUG_INFO = YES;
				ONLY_ACTIVE_ARCH = YES;
				SDKROOT = macosx;
			};
			name = Debug;
		};
		B578EEAE1FCC4AFC0097CE33 /* Release */ = {
			isa = XCBuildConfiguration;
			buildSettings = {
				ALWAYS_SEARCH_USER_PATHS = NO;
				CLANG_ANALYZER_NONNULL = YES;
				CLANG_ANALYZER_NUMBER_OBJECT_CONVERSION = YES_AGGRESSIVE;
				CLANG_CXX_LANGUAGE_STANDARD = "gnu++14";
				CLANG_CXX_LIBRARY = "libc++";
				CLANG_ENABLE_MODULES = YES;
				CLANG_ENABLE_OBJC_ARC = YES;
				CLANG_WARN_BLOCK_CAPTURE_AUTORELEASING = YES;
				CLANG_WARN_BOOL_CONVERSION = YES;
				CLANG_WARN_COMMA = YES;
				CLANG_WARN_CONSTANT_CONVERSION = YES;
				CLANG_WARN_DIRECT_OBJC_ISA_USAGE = YES_ERROR;
				CLANG_WARN_DOCUMENTATION_COMMENTS = YES;
				CLANG_WARN_EMPTY_BODY = YES;
				CLANG_WARN_ENUM_CONVERSION = YES;
				CLANG_WARN_INFINITE_RECURSION = YES;
				CLANG_WARN_INT_CONVERSION = YES;
				CLANG_WARN_NON_LITERAL_NULL_CONVERSION = YES;
				CLANG_WARN_OBJC_LITERAL_CONVERSION = YES;
				CLANG_WARN_OBJC_ROOT_CLASS = YES_ERROR;
				CLANG_WARN_RANGE_LOOP_ANALYSIS = YES;
				CLANG_WARN_STRICT_PROTOTYPES = YES;
				CLANG_WARN_SUSPICIOUS_MOVE = YES;
				CLANG_WARN_UNGUARDED_AVAILABILITY = YES_AGGRESSIVE;
				CLANG_WARN_UNREACHABLE_CODE = YES;
				CLANG_WARN__DUPLICATE_METHOD_MATCH = YES;
				CODE_SIGN_IDENTITY = "Mac Developer";
				COPY_PHASE_STRIP = NO;
				DEBUG_INFORMATION_FORMAT = "dwarf-with-dsym";
				ENABLE_NS_ASSERTIONS = NO;
				ENABLE_STRICT_OBJC_MSGSEND = YES;
				GCC_C_LANGUAGE_STANDARD = gnu11;
				GCC_NO_COMMON_BLOCKS = YES;
				GCC_WARN_64_TO_32_BIT_CONVERSION = YES;
				GCC_WARN_ABOUT_RETURN_TYPE = YES_ERROR;
				GCC_WARN_UNDECLARED_SELECTOR = YES;
				GCC_WARN_UNINITIALIZED_AUTOS = YES_AGGRESSIVE;
				GCC_WARN_UNUSED_FUNCTION = YES;
				GCC_WARN_UNUSED_VARIABLE = YES;
				MACOSX_DEPLOYMENT_TARGET = 10.13;
				MTL_ENABLE_DEBUG_INFO = NO;
				SDKROOT = macosx;
			};
			name = Release;
		};
		B578EEB01FCC4AFC0097CE33 /* Debug */ = {
			isa = XCBuildConfiguration;
			buildSettings = {
				ASSETCATALOG_COMPILER_APPICON_NAME = AppIcon;
				CODE_SIGN_ENTITLEMENTS = FRRectTool/FRRectTool.entitlements;
				CODE_SIGN_STYLE = Automatic;
				COMBINE_HIDPI_IMAGES = YES;
				DEVELOPMENT_TEAM = D3Q47P8R6D;
				INFOPLIST_FILE = FRRectTool/Info.plist;
				LD_RUNPATH_SEARCH_PATHS = "$(inherited) @executable_path/../Frameworks";
				PRODUCT_BUNDLE_IDENTIFIER = com.frank.recttool;
				PRODUCT_NAME = "$(TARGET_NAME)";
			};
			name = Debug;
		};
		B578EEB11FCC4AFC0097CE33 /* Release */ = {
			isa = XCBuildConfiguration;
			buildSettings = {
				ASSETCATALOG_COMPILER_APPICON_NAME = AppIcon;
				CODE_SIGN_ENTITLEMENTS = FRRectTool/FRRectTool.entitlements;
				CODE_SIGN_STYLE = Automatic;
				COMBINE_HIDPI_IMAGES = YES;
				DEVELOPMENT_TEAM = D3Q47P8R6D;
				INFOPLIST_FILE = FRRectTool/Info.plist;
				LD_RUNPATH_SEARCH_PATHS = "$(inherited) @executable_path/../Frameworks";
				PRODUCT_BUNDLE_IDENTIFIER = com.frank.recttool;
				PRODUCT_NAME = "$(TARGET_NAME)";
			};
			name = Release;
		};
/* End XCBuildConfiguration section */

/* Begin XCConfigurationList section */
		B578EE801FCC4AFC0097CE33 /* Build configuration list for PBXProject "FRRectTool" */ = {
			isa = XCConfigurationList;
			buildConfigurations = (
				B578EEAD1FCC4AFC0097CE33 /* Debug */,
				B578EEAE1FCC4AFC0097CE33 /* Release */,
			);
			defaultConfigurationIsVisible = 0;
			defaultConfigurationName = Release;
		};
		B578EEAF1FCC4AFC0097CE33 /* Build configuration list for PBXNativeTarget "FRRectTool" */ = {
			isa = XCConfigurationList;
			buildConfigurations = (
				B578EEB01FCC4AFC0097CE33 /* Debug */,
				B578EEB11FCC4AFC0097CE33 /* Release */,
			);
			defaultConfigurationIsVisible = 0;
			defaultConfigurationName = Release;
		};
/* End XCConfigurationList section */
	};
	rootObject = B578EE7D1FCC4AFC0097CE33 /* Project object */;
}
